{
  "nodes": {
    "flake-utils": {
      "locked": {
        "lastModified": 1659877975,
        "narHash": "sha256-zllb8aq3YO3h8B/U0/J1WBgAL8EX5yWf5pMj3G0NAmc=",
        "owner": "numtide",
        "repo": "flake-utils",
        "rev": "c0e246b9b83f637f4681389ecabcb2681b4f3af0",
        "type": "github"
      },
      "original": {
        "owner": "numtide",
        "repo": "flake-utils",
        "type": "github"
      }
    },
    "nixpkgs": {
      "locked": {
        "lastModified": 1661864979,
        "narHash": "sha256-ajXYYTE1uoY3ei/P1v+Knklf2QNCBxMtw1gByaPTGU4=",
        "owner": "NixOS",
        "repo": "nixpkgs",
        "rev": "a28adc36c20fd2fbaeb06ec9bbd79b6bf7443979",
        "type": "github"
      },
      "original": {
        "owner": "NixOS",
        "ref": "nixos-22.05",
        "repo": "nixpkgs",
        "type": "github"
      }
    },
    "root": {
      "inputs": {
        "flake-utils": "flake-utils",
        "nixpkgs": "nixpkgs",
        "sixense-sdk-full": "sixense-sdk-full"
      }
    },
    "sixense-sdk-full": {
      "inputs": {
        "flake-utils": [
          "flake-utils"
        ],
        "nixpkgs": [
          "nixpkgs"
        ]
      },
      "locked": {
        "lastModified": 1661974618,
        "narHash": "sha256-yjIu7vH9XJuAf71Ha1Hvr4a7MKMr+fEqTCUOVnB4BEA=",
        "owner": "grumnix",
        "repo": "sixense-sdk-full",
        "rev": "0dde27d70bdcee9d0fed17987749974e20f90063",
        "type": "github"
      },
      "original": {
        "owner": "grumnix",
        "repo": "sixense-sdk-full",
        "type": "github"
      }
    }
  },
  "root": "root",
  "version": 7
}
